
Microsoft Visual Studio Solution File, Format Version 12.00
# Visual Studio Version 17
VisualStudioVersion = 17.6.33829.357
MinimumVisualStudioVersion = 10.0.40219.1
Project("{FAE04EC0-301F-11D3-BF4B-00C04F79EFBC}") = "login_and_register", "login_and_register\login_and_register.csproj", "{8EFBB8E0-C809-43FD-9A7E-7C0614D68767}"
EndProject
Global
	GlobalSection(SolutionConfigurationPlatforms) = preSolution
		Debug|Any CPU = Debug|Any CPU
		Release|Any CPU = Release|Any CPU
	EndGlobalSection
	GlobalSection(ProjectConfigurationPlatforms) = postSolution
		{8EFBB8E0-C809-43FD-9A7E-7C0614D68767}.Debug|Any CPU.ActiveCfg = Debug|Any CPU
		{8EFBB8E0-C809-43FD-9A7E-7C0614D68767}.Debug|Any CPU.Build.0 = Debug|Any CPU
		{8EFBB8E0-C809-43FD-9A7E-7C0614D68767}.Release|Any CPU.ActiveCfg = Release|Any CPU
		{8EFBB8E0-C809-43FD-9A7E-7C0614D68767}.Release|Any CPU.Build.0 = Release|Any CPU
	EndGlobalSection
	GlobalSection(SolutionProperties) = preSolution
		HideSolutionNode = FALSE
	EndGlobalSection
	GlobalSection(ExtensibilityGlobals) = postSolution
		SolutionGuid = {140BDD8A-4249-43BF-9CCE-2588B35D59F1}
	EndGlobalSection
EndGlobal
